
Microsoft Visual Studio Solution File, Format Version 12.00
# Visual Studio Version 17
VisualStudioVersion = 17.4.33213.308
MinimumVisualStudioVersion = 10.0.40219.1
Project("{FAE04EC0-301F-11D3-BF4B-00C04F79EFBC}") = "Hometask_Lesson_05", "Hometask_Lesson_05\Hometask_Lesson_05.csproj", "{33A49A23-7F0C-42B1-AF70-B10B69BC2055}"
EndProject
Global
	GlobalSection(SolutionConfigurationPlatforms) = preSolution
		Debug|Any CPU = Debug|Any CPU
		Release|Any CPU = Release|Any CPU
	EndGlobalSection
	GlobalSection(ProjectConfigurationPlatforms) = postSolution
		{33A49A23-7F0C-42B1-AF70-B10B69BC2055}.Debug|Any CPU.ActiveCfg = Debug|Any CPU
		{33A49A23-7F0C-42B1-AF70-B10B69BC2055}.Debug|Any CPU.Build.0 = Debug|Any CPU
		{33A49A23-7F0C-42B1-AF70-B10B69BC2055}.Release|Any CPU.ActiveCfg = Release|Any CPU
		{33A49A23-7F0C-42B1-AF70-B10B69BC2055}.Release|Any CPU.Build.0 = Release|Any CPU
	EndGlobalSection
	GlobalSection(SolutionProperties) = preSolution
		HideSolutionNode = FALSE
	EndGlobalSection
	GlobalSection(ExtensibilityGlobals) = postSolution
		SolutionGuid = {A4E8FC4C-8301-4FA8-90BB-154E488362E1}
	EndGlobalSection
EndGlobal
